// !$*UTF8*$!
{
	archiveVersion = 1;
	classes = {
	};
	objectVersion = 46;
	objects = {

/* Begin PBXBuildFile section */
		E418C02F1A03591300A9C16D /* Foundation.framework in Frameworks */ = {isa = PBXBuildFile; fileRef = E418C02E1A03591300A9C16D /* Foundation.framework */; };
		E418C0311A03591300A9C16D /* CoreGraphics.framework in Frameworks */ = {isa = PBXBuildFile; fileRef = E418C0301A03591300A9C16D /* CoreGraphics.framework */; };
		E418C0331A03591300A9C16D /* UIKit.framework in Frameworks */ = {isa = PBXBuildFile; fileRef = E418C0321A03591300A9C16D /* UIKit.framework */; };
		E418C0351A03591300A9C16D /* CoreData.framework in Frameworks */ = {isa = PBXBuildFile; fileRef = E418C0341A03591300A9C16D /* CoreData.framework */; };
		E418C03B1A03591300A9C16D /* InfoPlist.strings in Resources */ = {isa = PBXBuildFile; fileRef = E418C0391A03591300A9C16D /* InfoPlist.strings */; };
		E418C03D1A03591300A9C16D /* main.m in Sources */ = {isa = PBXBuildFile; fileRef = E418C03C1A03591300A9C16D /* main.m */; };
		E418C0411A03591300A9C16D /* AppDelegate.m in Sources */ = {isa = PBXBuildFile; fileRef = E418C0401A03591300A9C16D /* AppDelegate.m */; };
		E418C0441A03591300A9C16D /* DemoForTest.xcdatamodeld in Sources */ = {isa = PBXBuildFile; fileRef = E418C0421A03591300A9C16D /* DemoForTest.xcdatamodeld */; };
		E418C0461A03591300A9C16D /* Images.xcassets in Resources */ = {isa = PBXBuildFile; fileRef = E418C0451A03591300A9C16D /* Images.xcassets */; };
		E418C04D1A03591300A9C16D /* XCTest.framework in Frameworks */ = {isa = PBXBuildFile; fileRef = E418C04C1A03591300A9C16D /* XCTest.framework */; };
		E418C04E1A03591300A9C16D /* Foundation.framework in Frameworks */ = {isa = PBXBuildFile; fileRef = E418C02E1A03591300A9C16D /* Foundation.framework */; };
		E418C04F1A03591300A9C16D /* UIKit.framework in Frameworks */ = {isa = PBXBuildFile; fileRef = E418C0321A03591300A9C16D /* UIKit.framework */; };
		E418C0501A03591300A9C16D /* CoreData.framework in Frameworks */ = {isa = PBXBuildFile; fileRef = E418C0341A03591300A9C16D /* CoreData.framework */; };
		E418C0581A03591300A9C16D /* InfoPlist.strings in Resources */ = {isa = PBXBuildFile; fileRef = E418C0561A03591300A9C16D /* InfoPlist.strings */; };
		E418C05A1A03591300A9C16D /* DemoForTestTests.m in Sources */ = {isa = PBXBuildFile; fileRef = E418C0591A03591300A9C16D /* DemoForTestTests.m */; };
		E4B77EB71A3E828100D1C981 /* MainViewController.m in Sources */ = {isa = PBXBuildFile; fileRef = E4B77EB61A3E828100D1C981 /* MainViewController.m */; };
		E4B77EB91A3EC03900D1C981 /* View1.xib in Resources */ = {isa = PBXBuildFile; fileRef = E4B77EB81A3EC03900D1C981 /* View1.xib */; };
		E4B77EBB1A3EC04800D1C981 /* View2.xib in Resources */ = {isa = PBXBuildFile; fileRef = E4B77EBA1A3EC04800D1C981 /* View2.xib */; };
		E4B77EBD1A3ECB9F00D1C981 /* View3.xib in Resources */ = {isa = PBXBuildFile; fileRef = E4B77EBC1A3ECB9F00D1C981 /* View3.xib */; };
		E4B77EC01A3ECBFA00D1C981 /* Owner.m in Sources */ = {isa = PBXBuildFile; fileRef = E4B77EBF1A3ECBFA00D1C981 /* Owner.m */; };
		E4B77EC51A3ED00400D1C981 /* UIView+Owner.m in Sources */ = {isa = PBXBuildFile; fileRef = E4B77EC41A3ED00400D1C981 /* UIView+Owner.m */; };
		E4B77EC71A3ED43300D1C981 /* View4.xib in Resources */ = {isa = PBXBuildFile; fileRef = E4B77EC61A3ED43300D1C981 /* View4.xib */; };
		E4B77EC91A3ED6BC00D1C981 /* View5.xib in Resources */ = {isa = PBXBuildFile; fileRef = E4B77EC81A3ED6BC00D1C981 /* View5.xib */; };
		E4B77ECC1A3ED85C00D1C981 /* View5.m in Sources */ = {isa = PBXBuildFile; fileRef = E4B77ECB1A3ED85C00D1C981 /* View5.m */; };
		E4B77ECE1A3EDA1600D1C981 /* View6.xib in Resources */ = {isa = PBXBuildFile; fileRef = E4B77ECD1A3EDA1600D1C981 /* View6.xib */; };
		E4B8B6F11AD511F5002A8216 /* Book.m in Sources */ = {isa = PBXBuildFile; fileRef = E4B8B6F01AD511F5002A8216 /* Book.m */; };
		E4B8B6F41AD51210002A8216 /* Person.m in Sources */ = {isa = PBXBuildFile; fileRef = E4B8B6F31AD51210002A8216 /* Person.m */; };
/* End PBXBuildFile section */

/* Begin PBXContainerItemProxy section */
		E418C0511A03591300A9C16D /* PBXContainerItemProxy */ = {
			isa = PBXContainerItemProxy;
			containerPortal = E418C0231A03591300A9C16D /* Project object */;
			proxyType = 1;
			remoteGlobalIDString = E418C02A1A03591300A9C16D;
			remoteInfo = DemoForTest;
		};
/* End PBXContainerItemProxy section */

/* Begin PBXFileReference section */
		E418C02B1A03591300A9C16D /* DemoForTest.app */ = {isa = PBXFileReference; explicitFileType = wrapper.application; includeInIndex = 0; path = DemoForTest.app; sourceTree = BUILT_PRODUCTS_DIR; };
		E418C02E1A03591300A9C16D /* Foundation.framework */ = {isa = PBXFileReference; lastKnownFileType = wrapper.framework; name = Foundation.framework; path = System/Library/Frameworks/Foundation.framework; sourceTree = SDKROOT; };
		E418C0301A03591300A9C16D /* CoreGraphics.framework */ = {isa = PBXFileReference; lastKnownFileType = wrapper.framework; name = CoreGraphics.framework; path = System/Library/Frameworks/CoreGraphics.framework; sourceTree = SDKROOT; };
		E418C0321A03591300A9C16D /* UIKit.framework */ = {isa = PBXFileReference; lastKnownFileType = wrapper.framework; name = UIKit.framework; path = System/Library/Frameworks/UIKit.framework; sourceTree = SDKROOT; };
		E418C0341A03591300A9C16D /* CoreData.framework */ = {isa = PBXFileReference; lastKnownFileType = wrapper.framework; name = CoreData.framework; path = System/Library/Frameworks/CoreData.framework; sourceTree = SDKROOT; };
		E418C0381A03591300A9C16D /* DemoForTest-Info.plist */ = {isa = PBXFileReference; lastKnownFileType = text.plist.xml; path = "DemoForTest-Info.plist"; sourceTree = "<group>"; };
		E418C03A1A03591300A9C16D /* en */ = {isa = PBXFileReference; lastKnownFileType = text.plist.strings; name = en; path = en.lproj/InfoPlist.strings; sourceTree = "<group>"; };
		E418C03C1A03591300A9C16D /* main.m */ = {isa = PBXFileReference; lastKnownFileType = sourcecode.c.objc; path = main.m; sourceTree = "<group>"; };
		E418C03E1A03591300A9C16D /* DemoForTest-Prefix.pch */ = {isa = PBXFileReference; lastKnownFileType = sourcecode.c.h; path = "DemoForTest-Prefix.pch"; sourceTree = "<group>"; };
		E418C03F1A03591300A9C16D /* AppDelegate.h */ = {isa = PBXFileReference; lastKnownFileType = sourcecode.c.h; path = AppDelegate.h; sourceTree = "<group>"; };
		E418C0401A03591300A9C16D /* AppDelegate.m */ = {isa = PBXFileReference; lastKnownFileType = sourcecode.c.objc; path = AppDelegate.m; sourceTree = "<group>"; };
		E418C0431A03591300A9C16D /* DemoForTest.xcdatamodel */ = {isa = PBXFileReference; lastKnownFileType = wrapper.xcdatamodel; path = DemoForTest.xcdatamodel; sourceTree = "<group>"; };
		E418C0451A03591300A9C16D /* Images.xcassets */ = {isa = PBXFileReference; lastKnownFileType = folder.assetcatalog; path = Images.xcassets; sourceTree = "<group>"; };
		E418C04B1A03591300A9C16D /* DemoForTestTests.xctest */ = {isa = PBXFileReference; explicitFileType = wrapper.cfbundle; includeInIndex = 0; path = DemoForTestTests.xctest; sourceTree = BUILT_PRODUCTS_DIR; };
		E418C04C1A03591300A9C16D /* XCTest.framework */ = {isa = PBXFileReference; lastKnownFileType = wrapper.framework; name = XCTest.framework; path = Library/Frameworks/XCTest.framework; sourceTree = DEVELOPER_DIR; };
		E418C0551A03591300A9C16D /* DemoForTestTests-Info.plist */ = {isa = PBXFileReference; lastKnownFileType = text.plist.xml; path = "DemoForTestTests-Info.plist"; sourceTree = "<group>"; };
		E418C0571A03591300A9C16D /* en */ = {isa = PBXFileReference; lastKnownFileType = text.plist.strings; name = en; path = en.lproj/InfoPlist.strings; sourceTree = "<group>"; };
		E418C0591A03591300A9C16D /* DemoForTestTests.m */ = {isa = PBXFileReference; lastKnownFileType = sourcecode.c.objc; path = DemoForTestTests.m; sourceTree = "<group>"; };
		E4B77EB51A3E828100D1C981 /* MainViewController.h */ = {isa = PBXFileReference; fileEncoding = 4; lastKnownFileType = sourcecode.c.h; path = MainViewController.h; sourceTree = "<group>"; };
		E4B77EB61A3E828100D1C981 /* MainViewController.m */ = {isa = PBXFileReference; fileEncoding = 4; lastKnownFileType = sourcecode.c.objc; path = MainViewController.m; sourceTree = "<group>"; };
		E4B77EB81A3EC03900D1C981 /* View1.xib */ = {isa = PBXFileReference; fileEncoding = 4; lastKnownFileType = file.xib; path = View1.xib; sourceTree = "<group>"; };
		E4B77EBA1A3EC04800D1C981 /* View2.xib */ = {isa = PBXFileReference; fileEncoding = 4; lastKnownFileType = file.xib; path = View2.xib; sourceTree = "<group>"; };
		E4B77EBC1A3ECB9F00D1C981 /* View3.xib */ = {isa = PBXFileReference; fileEncoding = 4; lastKnownFileType = file.xib; path = View3.xib; sourceTree = "<group>"; };
		E4B77EBE1A3ECBFA00D1C981 /* Owner.h */ = {isa = PBXFileReference; fileEncoding = 4; lastKnownFileType = sourcecode.c.h; path = Owner.h; sourceTree = "<group>"; };
		E4B77EBF1A3ECBFA00D1C981 /* Owner.m */ = {isa = PBXFileReference; fileEncoding = 4; lastKnownFileType = sourcecode.c.objc; path = Owner.m; sourceTree = "<group>"; };
		E4B77EC31A3ED00400D1C981 /* UIView+Owner.h */ = {isa = PBXFileReference; fileEncoding = 4; lastKnownFileType = sourcecode.c.h; name = "UIView+Owner.h"; path = "../UIView+Owner.h"; sourceTree = "<group>"; };
		E4B77EC41A3ED00400D1C981 /* UIView+Owner.m */ = {isa = PBXFileReference; fileEncoding = 4; lastKnownFileType = sourcecode.c.objc; name = "UIView+Owner.m"; path = "../UIView+Owner.m"; sourceTree = "<group>"; };
		E4B77EC61A3ED43300D1C981 /* View4.xib */ = {isa = PBXFileReference; fileEncoding = 4; lastKnownFileType = file.xib; path = View4.xib; sourceTree = "<group>"; };
		E4B77EC81A3ED6BC00D1C981 /* View5.xib */ = {isa = PBXFileReference; fileEncoding = 4; lastKnownFileType = file.xib; path = View5.xib; sourceTree = "<group>"; };
		E4B77ECA1A3ED85C00D1C981 /* View5.h */ = {isa = PBXFileReference; fileEncoding = 4; lastKnownFileType = sourcecode.c.h; path = View5.h; sourceTree = "<group>"; };
		E4B77ECB1A3ED85C00D1C981 /* View5.m */ = {isa = PBXFileReference; fileEncoding = 4; lastKnownFileType = sourcecode.c.objc; path = View5.m; sourceTree = "<group>"; };
		E4B77ECD1A3EDA1600D1C981 /* View6.xib */ = {isa = PBXFileReference; fileEncoding = 4; lastKnownFileType = file.xib; path = View6.xib; sourceTree = "<group>"; };
		E4B8B6EF1AD511F5002A8216 /* Book.h */ = {isa = PBXFileReference; fileEncoding = 4; lastKnownFileType = sourcecode.c.h; path = Book.h; sourceTree = "<group>"; };
		E4B8B6F01AD511F5002A8216 /* Book.m */ = {isa = PBXFileReference; fileEncoding = 4; lastKnownFileType = sourcecode.c.objc; path = Book.m; sourceTree = "<group>"; };
		E4B8B6F21AD51210002A8216 /* Person.h */ = {isa = PBXFileReference; fileEncoding = 4; lastKnownFileType = sourcecode.c.h; path = Person.h; sourceTree = "<group>"; };
		E4B8B6F31AD51210002A8216 /* Person.m */ = {isa = PBXFileReference; fileEncoding = 4; lastKnownFileType = sourcecode.c.objc; path = Person.m; sourceTree = "<group>"; };
/* End PBXFileReference section */

/* Begin PBXFrameworksBuildPhase section */
		E418C0281A03591300A9C16D /* Frameworks */ = {
			isa = PBXFrameworksBuildPhase;
			buildActionMask = 2147483647;
			files = (
				E418C0311A03591300A9C16D /* CoreGraphics.framework in Frameworks */,
				E418C0351A03591300A9C16D /* CoreData.framework in Frameworks */,
				E418C0331A03591300A9C16D /* UIKit.framework in Frameworks */,
				E418C02F1A03591300A9C16D /* Foundation.framework in Frameworks */,
			);
			runOnlyForDeploymentPostprocessing = 0;
		};
		E418C0481A03591300A9C16D /* Frameworks */ = {
			isa = PBXFrameworksBuildPhase;
			buildActionMask = 2147483647;
			files = (
				E418C04D1A03591300A9C16D /* XCTest.framework in Frameworks */,
				E418C0501A03591300A9C16D /* CoreData.framework in Frameworks */,
				E418C04F1A03591300A9C16D /* UIKit.framework in Frameworks */,
				E418C04E1A03591300A9C16D /* Foundation.framework in Frameworks */,
			);
			runOnlyForDeploymentPostprocessing = 0;
		};
/* End PBXFrameworksBuildPhase section */

/* Begin PBXGroup section */
		E418C0221A03591300A9C16D = {
			isa = PBXGroup;
			children = (
				E418C0361A03591300A9C16D /* DemoForTest */,
				E418C0531A03591300A9C16D /* DemoForTestTests */,
				E418C02D1A03591300A9C16D /* Frameworks */,
				E418C02C1A03591300A9C16D /* Products */,
			);
			sourceTree = "<group>";
		};
		E418C02C1A03591300A9C16D /* Products */ = {
			isa = PBXGroup;
			children = (
				E418C02B1A03591300A9C16D /* DemoForTest.app */,
				E418C04B1A03591300A9C16D /* DemoForTestTests.xctest */,
			);
			name = Products;
			sourceTree = "<group>";
		};
		E418C02D1A03591300A9C16D /* Frameworks */ = {
			isa = PBXGroup;
			children = (
				E418C02E1A03591300A9C16D /* Foundation.framework */,
				E418C0301A03591300A9C16D /* CoreGraphics.framework */,
				E418C0321A03591300A9C16D /* UIKit.framework */,
				E418C0341A03591300A9C16D /* CoreData.framework */,
				E418C04C1A03591300A9C16D /* XCTest.framework */,
			);
			name = Frameworks;
			sourceTree = "<group>";
		};
		E418C0361A03591300A9C16D /* DemoForTest */ = {
			isa = PBXGroup;
			children = (
				E418C03F1A03591300A9C16D /* AppDelegate.h */,
				E418C0401A03591300A9C16D /* AppDelegate.m */,
				E418C0451A03591300A9C16D /* Images.xcassets */,
				E418C0421A03591300A9C16D /* DemoForTest.xcdatamodeld */,
				E418C0371A03591300A9C16D /* Supporting Files */,
				E4B77EB51A3E828100D1C981 /* MainViewController.h */,
				E4B77EB61A3E828100D1C981 /* MainViewController.m */,
				E4B77EB81A3EC03900D1C981 /* View1.xib */,
				E4B77EBA1A3EC04800D1C981 /* View2.xib */,
				E4B77EBC1A3ECB9F00D1C981 /* View3.xib */,
				E4B77EC61A3ED43300D1C981 /* View4.xib */,
				E4B77EC81A3ED6BC00D1C981 /* View5.xib */,
				E4B77ECD1A3EDA1600D1C981 /* View6.xib */,
				E4B77EBE1A3ECBFA00D1C981 /* Owner.h */,
				E4B77EBF1A3ECBFA00D1C981 /* Owner.m */,
				E4B77EC31A3ED00400D1C981 /* UIView+Owner.h */,
				E4B77EC41A3ED00400D1C981 /* UIView+Owner.m */,
				E4B77ECA1A3ED85C00D1C981 /* View5.h */,
				E4B77ECB1A3ED85C00D1C981 /* View5.m */,
				E4B8B6EF1AD511F5002A8216 /* Book.h */,
				E4B8B6F01AD511F5002A8216 /* Book.m */,
				E4B8B6F21AD51210002A8216 /* Person.h */,
				E4B8B6F31AD51210002A8216 /* Person.m */,
			);
			path = DemoForTest;
			sourceTree = "<group>";
		};
		E418C0371A03591300A9C16D /* Supporting Files */ = {
			isa = PBXGroup;
			children = (
				E418C0381A03591300A9C16D /* DemoForTest-Info.plist */,
				E418C0391A03591300A9C16D /* InfoPlist.strings */,
				E418C03C1A03591300A9C16D /* main.m */,
				E418C03E1A03591300A9C16D /* DemoForTest-Prefix.pch */,
			);
			name = "Supporting Files";
			sourceTree = "<group>";
		};
		E418C0531A03591300A9C16D /* DemoForTestTests */ = {
			isa = PBXGroup;
			children = (
				E418C0591A03591300A9C16D /* DemoForTestTests.m */,
				E418C0541A03591300A9C16D /* Supporting Files */,
			);
			path = DemoForTestTests;
			sourceTree = "<group>";
		};
		E418C0541A03591300A9C16D /* Supporting Files */ = {
			isa = PBXGroup;
			children = (
				E418C0551A03591300A9C16D /* DemoForTestTests-Info.plist */,
				E418C0561A03591300A9C16D /* InfoPlist.strings */,
			);
			name = "Supporting Files";
			sourceTree = "<group>";
		};
/* End PBXGroup section */

/* Begin PBXNativeTarget section */
		E418C02A1A03591300A9C16D /* DemoForTest */ = {
			isa = PBXNativeTarget;
			buildConfigurationList = E418C05D1A03591300A9C16D /* Build configuration list for PBXNativeTarget "DemoForTest" */;
			buildPhases = (
				E418C0271A03591300A9C16D /* Sources */,
				E418C0281A03591300A9C16D /* Frameworks */,
				E418C0291A03591300A9C16D /* Resources */,
			);
			buildRules = (
			);
			dependencies = (
			);
			name = DemoForTest;
			productName = DemoForTest;
			productReference = E418C02B1A03591300A9C16D /* DemoForTest.app */;
			productType = "com.apple.product-type.application";
		};
		E418C04A1A03591300A9C16D /* DemoForTestTests */ = {
			isa = PBXNativeTarget;
			buildConfigurationList = E418C0601A03591300A9C16D /* Build configuration list for PBXNativeTarget "DemoForTestTests" */;
			buildPhases = (
				E418C0471A03591300A9C16D /* Sources */,
				E418C0481A03591300A9C16D /* Frameworks */,
				E418C0491A03591300A9C16D /* Resources */,
			);
			buildRules = (
			);
			dependencies = (
				E418C0521A03591300A9C16D /* PBXTargetDependency */,
			);
			name = DemoForTestTests;
			productName = DemoForTestTests;
			productReference = E418C04B1A03591300A9C16D /* DemoForTestTests.xctest */;
			productType = "com.apple.product-type.bundle.unit-test";
		};
/* End PBXNativeTarget section */

/* Begin PBXProject section */
		E418C0231A03591300A9C16D /* Project object */ = {
			isa = PBXProject;
			attributes = {
				LastUpgradeCheck = 0510;
				ORGANIZATIONNAME = "___FULLUSERNAME___";
				TargetAttributes = {
					E418C04A1A03591300A9C16D = {
						TestTargetID = E418C02A1A03591300A9C16D;
					};
				};
			};
			buildConfigurationList = E418C0261A03591300A9C16D /* Build configuration list for PBXProject "DemoForTest" */;
			compatibilityVersion = "Xcode 3.2";
			developmentRegion = English;
			hasScannedForEncodings = 0;
			knownRegions = (
				en,
			);
			mainGroup = E418C0221A03591300A9C16D;
			productRefGroup = E418C02C1A03591300A9C16D /* Products */;
			projectDirPath = "";
			projectRoot = "";
			targets = (
				E418C02A1A03591300A9C16D /* DemoForTest */,
				E418C04A1A03591300A9C16D /* DemoForTestTests */,
			);
		};
/* End PBXProject section */

/* Begin PBXResourcesBuildPhase section */
		E418C0291A03591300A9C16D /* Resources */ = {
			isa = PBXResourcesBuildPhase;
			buildActionMask = 2147483647;
			files = (
				E418C03B1A03591300A9C16D /* InfoPlist.strings in Resources */,
				E4B77EBD1A3ECB9F00D1C981 /* View3.xib in Resources */,
				E418C0461A03591300A9C16D /* Images.xcassets in Resources */,
				E4B77ECE1A3EDA1600D1C981 /* View6.xib in Resources */,
				E4B77EB91A3EC03900D1C981 /* View1.xib in Resources */,
				E4B77EBB1A3EC04800D1C981 /* View2.xib in Resources */,
				E4B77EC71A3ED43300D1C981 /* View4.xib in Resources */,
				E4B77EC91A3ED6BC00D1C981 /* View5.xib in Resources */,
			);
			runOnlyForDeploymentPostprocessing = 0;
		};
		E418C0491A03591300A9C16D /* Resources */ = {
			isa = PBXResourcesBuildPhase;
			buildActionMask = 2147483647;
			files = (
				E418C0581A03591300A9C16D /* InfoPlist.strings in Resources */,
			);
			runOnlyForDeploymentPostprocessing = 0;
		};
/* End PBXResourcesBuildPhase section */

/* Begin PBXSourcesBuildPhase section */
		E418C0271A03591300A9C16D /* Sources */ = {
			isa = PBXSourcesBuildPhase;
			buildActionMask = 2147483647;
			files = (
				E418C0441A03591300A9C16D /* DemoForTest.xcdatamodeld in Sources */,
				E4B77EC01A3ECBFA00D1C981 /* Owner.m in Sources */,
				E418C0411A03591300A9C16D /* AppDelegate.m in Sources */,
				E418C03D1A03591300A9C16D /* main.m in Sources */,
				E4B8B6F11AD511F5002A8216 /* Book.m in Sources */,
				E4B77ECC1A3ED85C00D1C981 /* View5.m in Sources */,
				E4B8B6F41AD51210002A8216 /* Person.m in Sources */,
				E4B77EC51A3ED00400D1C981 /* UIView+Owner.m in Sources */,
				E4B77EB71A3E828100D1C981 /* MainViewController.m in Sources */,
			);
			runOnlyForDeploymentPostprocessing = 0;
		};
		E418C0471A03591300A9C16D /* Sources */ = {
			isa = PBXSourcesBuildPhase;
			buildActionMask = 2147483647;
			files = (
				E418C05A1A03591300A9C16D /* DemoForTestTests.m in Sources */,
			);
			runOnlyForDeploymentPostprocessing = 0;
		};
/* End PBXSourcesBuildPhase section */

/* Begin PBXTargetDependency section */
		E418C0521A03591300A9C16D /* PBXTargetDependency */ = {
			isa = PBXTargetDependency;
			target = E418C02A1A03591300A9C16D /* DemoForTest */;
			targetProxy = E418C0511A03591300A9C16D /* PBXContainerItemProxy */;
		};
/* End PBXTargetDependency section */

/* Begin PBXVariantGroup section */
		E418C0391A03591300A9C16D /* InfoPlist.strings */ = {
			isa = PBXVariantGroup;
			children = (
				E418C03A1A03591300A9C16D /* en */,
			);
			name = InfoPlist.strings;
			sourceTree = "<group>";
		};
		E418C0561A03591300A9C16D /* InfoPlist.strings */ = {
			isa = PBXVariantGroup;
			children = (
				E418C0571A03591300A9C16D /* en */,
			);
			name = InfoPlist.strings;
			sourceTree = "<group>";
		};
/* End PBXVariantGroup section */

/* Begin XCBuildConfiguration section */
		E418C05B1A03591300A9C16D /* Debug */ = {
			isa = XCBuildConfiguration;
			buildSettings = {
				ALWAYS_SEARCH_USER_PATHS = NO;
				CLANG_CXX_LANGUAGE_STANDARD = "gnu++0x";
				CLANG_CXX_LIBRARY = "libc++";
				CLANG_ENABLE_MODULES = YES;
				CLANG_ENABLE_OBJC_ARC = YES;
				CLANG_WARN_BOOL_CONVERSION = YES;
				CLANG_WARN_CONSTANT_CONVERSION = YES;
				CLANG_WARN_DIRECT_OBJC_ISA_USAGE = YES_ERROR;
				CLANG_WARN_EMPTY_BODY = YES;
				CLANG_WARN_ENUM_CONVERSION = YES;
				CLANG_WARN_INT_CONVERSION = YES;
				CLANG_WARN_OBJC_ROOT_CLASS = YES_ERROR;
				CLANG_WARN__DUPLICATE_METHOD_MATCH = YES;
				"CODE_SIGN_IDENTITY[sdk=iphoneos*]" = "iPhone Developer";
				COPY_PHASE_STRIP = NO;
				GCC_C_LANGUAGE_STANDARD = gnu99;
				GCC_DYNAMIC_NO_PIC = NO;
				GCC_OPTIMIZATION_LEVEL = 0;
				GCC_PREPROCESSOR_DEFINITIONS = (
					"DEBUG=1",
					"$(inherited)",
				);
				GCC_SYMBOLS_PRIVATE_EXTERN = NO;
				GCC_WARN_64_TO_32_BIT_CONVERSION = YES;
				GCC_WARN_ABOUT_RETURN_TYPE = YES_ERROR;
				GCC_WARN_UNDECLARED_SELECTOR = YES;
				GCC_WARN_UNINITIALIZED_AUTOS = YES_AGGRESSIVE;
				GCC_WARN_UNUSED_FUNCTION = YES;
				GCC_WARN_UNUSED_VARIABLE = YES;
				IPHONEOS_DEPLOYMENT_TARGET = 7.1;
				ONLY_ACTIVE_ARCH = YES;
				SDKROOT = iphoneos;
			};
			name = Debug;
		};
		E418C05C1A03591300A9C16D /* Release */ = {
			isa = XCBuildConfiguration;
			buildSettings = {
				ALWAYS_SEARCH_USER_PATHS = NO;
				CLANG_CXX_LANGUAGE_STANDARD = "gnu++0x";
				CLANG_CXX_LIBRARY = "libc++";
				CLANG_ENABLE_MODULES = YES;
				CLANG_ENABLE_OBJC_ARC = YES;
				CLANG_WARN_BOOL_CONVERSION = YES;
				CLANG_WARN_CONSTANT_CONVERSION = YES;
				CLANG_WARN_DIRECT_OBJC_ISA_USAGE = YES_ERROR;
				CLANG_WARN_EMPTY_BODY = YES;
				CLANG_WARN_ENUM_CONVERSION = YES;
				CLANG_WARN_INT_CONVERSION = YES;
				CLANG_WARN_OBJC_ROOT_CLASS = YES_ERROR;
				CLANG_WARN__DUPLICATE_METHOD_MATCH = YES;
				"CODE_SIGN_IDENTITY[sdk=iphoneos*]" = "iPhone Developer";
				COPY_PHASE_STRIP = YES;
				ENABLE_NS_ASSERTIONS = NO;
				GCC_C_LANGUAGE_STANDARD = gnu99;
				GCC_WARN_64_TO_32_BIT_CONVERSION = YES;
				GCC_WARN_ABOUT_RETURN_TYPE = YES_ERROR;
				GCC_WARN_UNDECLARED_SELECTOR = YES;
				GCC_WARN_UNINITIALIZED_AUTOS = YES_AGGRESSIVE;
				GCC_WARN_UNUSED_FUNCTION = YES;
				GCC_WARN_UNUSED_VARIABLE = YES;
				IPHONEOS_DEPLOYMENT_TARGET = 7.1;
				SDKROOT = iphoneos;
				VALIDATE_PRODUCT = YES;
			};
			name = Release;
		};
		E418C05E1A03591300A9C16D /* Debug */ = {
			isa = XCBuildConfiguration;
			buildSettings = {
				ASSETCATALOG_COMPILER_APPICON_NAME = AppIcon;
				ASSETCATALOG_COMPILER_LAUNCHIMAGE_NAME = LaunchImage;
				GCC_PRECOMPILE_PREFIX_HEADER = YES;
				GCC_PREFIX_HEADER = "DemoForTest/DemoForTest-Prefix.pch";
				INFOPLIST_FILE = "DemoForTest/DemoForTest-Info.plist";
				PRODUCT_NAME = "$(TARGET_NAME)";
				WRAPPER_EXTENSION = app;
			};
			name = Debug;
		};
		E418C05F1A03591300A9C16D /* Release */ = {
			isa = XCBuildConfiguration;
			buildSettings = {
				ASSETCATALOG_COMPILER_APPICON_NAME = AppIcon;
				ASSETCATALOG_COMPILER_LAUNCHIMAGE_NAME = LaunchImage;
				GCC_PRECOMPILE_PREFIX_HEADER = YES;
				GCC_PREFIX_HEADER = "DemoForTest/DemoForTest-Prefix.pch";
				INFOPLIST_FILE = "DemoForTest/DemoForTest-Info.plist";
				PRODUCT_NAME = "$(TARGET_NAME)";
				WRAPPER_EXTENSION = app;
			};
			name = Release;
		};
		E418C0611A03591300A9C16D /* Debug */ = {
			isa = XCBuildConfiguration;
			buildSettings = {
				BUNDLE_LOADER = "$(BUILT_PRODUCTS_DIR)/DemoForTest.app/DemoForTest";
				FRAMEWORK_SEARCH_PATHS = (
					"$(SDKROOT)/Developer/Library/Frameworks",
					"$(inherited)",
					"$(DEVELOPER_FRAMEWORKS_DIR)",
				);
				GCC_PRECOMPILE_PREFIX_HEADER = YES;
				GCC_PREFIX_HEADER = "DemoForTest/DemoForTest-Prefix.pch";
				GCC_PREPROCESSOR_DEFINITIONS = (
					"DEBUG=1",
					"$(inherited)",
				);
				INFOPLIST_FILE = "DemoForTestTests/DemoForTestTests-Info.plist";
				PRODUCT_NAME = "$(TARGET_NAME)";
				TEST_HOST = "$(BUNDLE_LOADER)";
				WRAPPER_EXTENSION = xctest;
			};
			name = Debug;
		};
		E418C0621A03591300A9C16D /* Release */ = {
			isa = XCBuildConfiguration;
			buildSettings = {
				BUNDLE_LOADER = "$(BUILT_PRODUCTS_DIR)/DemoForTest.app/DemoForTest";
				FRAMEWORK_SEARCH_PATHS = (
					"$(SDKROOT)/Developer/Library/Frameworks",
					"$(inherited)",
					"$(DEVELOPER_FRAMEWORKS_DIR)",
				);
				GCC_PRECOMPILE_PREFIX_HEADER = YES;
				GCC_PREFIX_HEADER = "DemoForTest/DemoForTest-Prefix.pch";
				INFOPLIST_FILE = "DemoForTestTests/DemoForTestTests-Info.plist";
				PRODUCT_NAME = "$(TARGET_NAME)";
				TEST_HOST = "$(BUNDLE_LOADER)";
				WRAPPER_EXTENSION = xctest;
			};
			name = Release;
		};
/* End XCBuildConfiguration section */

/* Begin XCConfigurationList section */
		E418C0261A03591300A9C16D /* Build configuration list for PBXProject "DemoForTest" */ = {
			isa = XCConfigurationList;
			buildConfigurations = (
				E418C05B1A03591300A9C16D /* Debug */,
				E418C05C1A03591300A9C16D /* Release */,
			);
			defaultConfigurationIsVisible = 0;
			defaultConfigurationName = Release;
		};
		E418C05D1A03591300A9C16D /* Build configuration list for PBXNativeTarget "DemoForTest" */ = {
			isa = XCConfigurationList;
			buildConfigurations = (
				E418C05E1A03591300A9C16D /* Debug */,
				E418C05F1A03591300A9C16D /* Release */,
			);
			defaultConfigurationIsVisible = 0;
			defaultConfigurationName = Release;
		};
		E418C0601A03591300A9C16D /* Build configuration list for PBXNativeTarget "DemoForTestTests" */ = {
			isa = XCConfigurationList;
			buildConfigurations = (
				E418C0611A03591300A9C16D /* Debug */,
				E418C0621A03591300A9C16D /* Release */,
			);
			defaultConfigurationIsVisible = 0;
			defaultConfigurationName = Release;
		};
/* End XCConfigurationList section */

/* Begin XCVersionGroup section */
		E418C0421A03591300A9C16D /* DemoForTest.xcdatamodeld */ = {
			isa = XCVersionGroup;
			children = (
				E418C0431A03591300A9C16D /* DemoForTest.xcdatamodel */,
			);
			currentVersion = E418C0431A03591300A9C16D /* DemoForTest.xcdatamodel */;
			path = DemoForTest.xcdatamodeld;
			sourceTree = "<group>";
			versionGroupType = wrapper.xcdatamodel;
		};
/* End XCVersionGroup section */
	};
	rootObject = E418C0231A03591300A9C16D /* Project object */;
}
